
Microsoft Visual Studio Solution File, Format Version 12.00
# Visual Studio Version 16
VisualStudioVersion = 16.0.30114.105
MinimumVisualStudioVersion = 10.0.40219.1
Project("{FAE04EC0-301F-11D3-BF4B-00C04F79EFBC}") = "API", "API\API.csproj", "{C77F1CBA-055E-49F0-9F29-1F13D6040CCF}"
EndProject
Project("{FAE04EC0-301F-11D3-BF4B-00C04F79EFBC}") = "Application", "Application\Application.csproj", "{E6890C4E-0302-46C5-853E-B17DA6796294}"
EndProject
Project("{FAE04EC0-301F-11D3-BF4B-00C04F79EFBC}") = "Persistence", "Persistence\Persistence.csproj", "{64691B6C-C51C-437D-98ED-4000213C7E11}"
EndProject
Project("{FAE04EC0-301F-11D3-BF4B-00C04F79EFBC}") = "Domain", "Domain\Domain.csproj", "{A8DF2EFA-99F0-43A5-80B1-91D683ECFB25}"
EndProject
Global
	GlobalSection(SolutionConfigurationPlatforms) = preSolution
		Debug|Any CPU = Debug|Any CPU
		Release|Any CPU = Release|Any CPU
	EndGlobalSection
	GlobalSection(SolutionProperties) = preSolution
		HideSolutionNode = FALSE
	EndGlobalSection
	GlobalSection(ProjectConfigurationPlatforms) = postSolution
		{C77F1CBA-055E-49F0-9F29-1F13D6040CCF}.Debug|Any CPU.ActiveCfg = Debug|Any CPU
		{C77F1CBA-055E-49F0-9F29-1F13D6040CCF}.Debug|Any CPU.Build.0 = Debug|Any CPU
		{C77F1CBA-055E-49F0-9F29-1F13D6040CCF}.Release|Any CPU.ActiveCfg = Release|Any CPU
		{C77F1CBA-055E-49F0-9F29-1F13D6040CCF}.Release|Any CPU.Build.0 = Release|Any CPU
		{E6890C4E-0302-46C5-853E-B17DA6796294}.Debug|Any CPU.ActiveCfg = Debug|Any CPU
		{E6890C4E-0302-46C5-853E-B17DA6796294}.Debug|Any CPU.Build.0 = Debug|Any CPU
		{E6890C4E-0302-46C5-853E-B17DA6796294}.Release|Any CPU.ActiveCfg = Release|Any CPU
		{E6890C4E-0302-46C5-853E-B17DA6796294}.Release|Any CPU.Build.0 = Release|Any CPU
		{64691B6C-C51C-437D-98ED-4000213C7E11}.Debug|Any CPU.ActiveCfg = Debug|Any CPU
		{64691B6C-C51C-437D-98ED-4000213C7E11}.Debug|Any CPU.Build.0 = Debug|Any CPU
		{64691B6C-C51C-437D-98ED-4000213C7E11}.Release|Any CPU.ActiveCfg = Release|Any CPU
		{64691B6C-C51C-437D-98ED-4000213C7E11}.Release|Any CPU.Build.0 = Release|Any CPU
		{A8DF2EFA-99F0-43A5-80B1-91D683ECFB25}.Debug|Any CPU.ActiveCfg = Debug|Any CPU
		{A8DF2EFA-99F0-43A5-80B1-91D683ECFB25}.Debug|Any CPU.Build.0 = Debug|Any CPU
		{A8DF2EFA-99F0-43A5-80B1-91D683ECFB25}.Release|Any CPU.ActiveCfg = Release|Any CPU
		{A8DF2EFA-99F0-43A5-80B1-91D683ECFB25}.Release|Any CPU.Build.0 = Release|Any CPU
	EndGlobalSection
EndGlobal
